// !$*UTF8*$!
{
	archiveVersion = 1;
	classes = {
	};
	objectVersion = 56;
	objects = {

/* Begin PBXBuildFile section */
		D211BCA22C31C50B00E4246B /* TestingLaboratoryRepositoryTests.swift in Sources */ = {isa = PBXBuildFile; fileRef = D211BCA12C31C50B00E4246B /* TestingLaboratoryRepositoryTests.swift */; };
		D211BCAC2C31C94600E4246B /* MockAuthService.swift in Sources */ = {isa = PBXBuildFile; fileRef = D211BCAB2C31C94600E4246B /* MockAuthService.swift */; };
		D211BCAD2C31C99600E4246B /* AuthService.swift in Sources */ = {isa = PBXBuildFile; fileRef = D287A2152C2FD761000B8750 /* AuthService.swift */; };
		D211BCAE2C31C99700E4246B /* AuthService.swift in Sources */ = {isa = PBXBuildFile; fileRef = D287A2152C2FD761000B8750 /* AuthService.swift */; };
		D211BCAF2C31C9AC00E4246B /* AuthRepository.swift in Sources */ = {isa = PBXBuildFile; fileRef = D287A2132C2FD759000B8750 /* AuthRepository.swift */; };
		D211BCB02C31C9AC00E4246B /* AuthRepository.swift in Sources */ = {isa = PBXBuildFile; fileRef = D287A2132C2FD759000B8750 /* AuthRepository.swift */; };
		D211BCB12C31CA2200E4246B /* AuthDTO.swift in Sources */ = {isa = PBXBuildFile; fileRef = D287A21C2C2FE337000B8750 /* AuthDTO.swift */; };
		D211BCB22C31CA2300E4246B /* AuthDTO.swift in Sources */ = {isa = PBXBuildFile; fileRef = D287A21C2C2FE337000B8750 /* AuthDTO.swift */; };
		D211BCB32C31CA6400E4246B /* AuthUseCase.swift in Sources */ = {isa = PBXBuildFile; fileRef = D287A20E2C2FD73A000B8750 /* AuthUseCase.swift */; };
		D211BCB42C31CA6500E4246B /* AuthUseCase.swift in Sources */ = {isa = PBXBuildFile; fileRef = D287A20E2C2FD73A000B8750 /* AuthUseCase.swift */; };
		D211BCB52C31D51500E4246B /* Provider.swift in Sources */ = {isa = PBXBuildFile; fileRef = D287A2362C3087A3000B8750 /* Provider.swift */; };
		D211BCB62C31D51500E4246B /* Provider.swift in Sources */ = {isa = PBXBuildFile; fileRef = D287A2362C3087A3000B8750 /* Provider.swift */; };
		D211BCB72C31D53100E4246B /* APIEndPoints.swift in Sources */ = {isa = PBXBuildFile; fileRef = D287A2332C308604000B8750 /* APIEndPoints.swift */; };
		D211BCB82C31D53100E4246B /* APIEndPoints.swift in Sources */ = {isa = PBXBuildFile; fileRef = D287A2332C308604000B8750 /* APIEndPoints.swift */; };
		D211BCB92C31D53A00E4246B /* Requestable.swift in Sources */ = {isa = PBXBuildFile; fileRef = D287A23D2C30880E000B8750 /* Requestable.swift */; };
		D211BCBA2C31D53B00E4246B /* Requestable.swift in Sources */ = {isa = PBXBuildFile; fileRef = D287A23D2C30880E000B8750 /* Requestable.swift */; };
		D211BCBB2C31D55200E4246B /* EndPoint.swift in Sources */ = {isa = PBXBuildFile; fileRef = D287A23B2C3087FE000B8750 /* EndPoint.swift */; };
		D211BCBC2C31D55300E4246B /* EndPoint.swift in Sources */ = {isa = PBXBuildFile; fileRef = D287A23B2C3087FE000B8750 /* EndPoint.swift */; };
		D211BCBD2C31D57E00E4246B /* Utils.swift in Sources */ = {isa = PBXBuildFile; fileRef = D287A2192C2FDAEF000B8750 /* Utils.swift */; };
		D211BCBE2C31D57E00E4246B /* Utils.swift in Sources */ = {isa = PBXBuildFile; fileRef = D287A2192C2FDAEF000B8750 /* Utils.swift */; };
		D287A1DE2C2FD610000B8750 /* AppDelegate.swift in Sources */ = {isa = PBXBuildFile; fileRef = D287A1DD2C2FD610000B8750 /* AppDelegate.swift */; };
		D287A1E02C2FD610000B8750 /* SceneDelegate.swift in Sources */ = {isa = PBXBuildFile; fileRef = D287A1DF2C2FD610000B8750 /* SceneDelegate.swift */; };
		D287A1E22C2FD610000B8750 /* ViewController.swift in Sources */ = {isa = PBXBuildFile; fileRef = D287A1E12C2FD610000B8750 /* ViewController.swift */; };
		D287A1E52C2FD610000B8750 /* Base in Resources */ = {isa = PBXBuildFile; fileRef = D287A1E42C2FD610000B8750 /* Base */; };
		D287A1E72C2FD612000B8750 /* Assets.xcassets in Resources */ = {isa = PBXBuildFile; fileRef = D287A1E62C2FD612000B8750 /* Assets.xcassets */; };
		D287A1EA2C2FD612000B8750 /* Base in Resources */ = {isa = PBXBuildFile; fileRef = D287A1E92C2FD612000B8750 /* Base */; };
		D287A1F52C2FD612000B8750 /* TestingLaboratoryUseCaseTests.swift in Sources */ = {isa = PBXBuildFile; fileRef = D287A1F42C2FD612000B8750 /* TestingLaboratoryUseCaseTests.swift */; };
		D287A20F2C2FD73A000B8750 /* AuthUseCase.swift in Sources */ = {isa = PBXBuildFile; fileRef = D287A20E2C2FD73A000B8750 /* AuthUseCase.swift */; };
		D287A2142C2FD759000B8750 /* AuthRepository.swift in Sources */ = {isa = PBXBuildFile; fileRef = D287A2132C2FD759000B8750 /* AuthRepository.swift */; };
		D287A2162C2FD761000B8750 /* AuthService.swift in Sources */ = {isa = PBXBuildFile; fileRef = D287A2152C2FD761000B8750 /* AuthService.swift */; };
		D287A21A2C2FDAEF000B8750 /* Utils.swift in Sources */ = {isa = PBXBuildFile; fileRef = D287A2192C2FDAEF000B8750 /* Utils.swift */; };
		D287A21D2C2FE337000B8750 /* AuthDTO.swift in Sources */ = {isa = PBXBuildFile; fileRef = D287A21C2C2FE337000B8750 /* AuthDTO.swift */; };
		D287A2342C308604000B8750 /* APIEndPoints.swift in Sources */ = {isa = PBXBuildFile; fileRef = D287A2332C308604000B8750 /* APIEndPoints.swift */; };
		D287A2372C3087A3000B8750 /* Provider.swift in Sources */ = {isa = PBXBuildFile; fileRef = D287A2362C3087A3000B8750 /* Provider.swift */; };
		D287A23C2C3087FE000B8750 /* EndPoint.swift in Sources */ = {isa = PBXBuildFile; fileRef = D287A23B2C3087FE000B8750 /* EndPoint.swift */; };
		D287A23E2C30880E000B8750 /* Requestable.swift in Sources */ = {isa = PBXBuildFile; fileRef = D287A23D2C30880E000B8750 /* Requestable.swift */; };
		D289DCAA2C32A00200AF1156 /* MockAuthRepository.swift in Sources */ = {isa = PBXBuildFile; fileRef = D289DCA92C32A00200AF1156 /* MockAuthRepository.swift */; };
/* End PBXBuildFile section */

/* Begin PBXContainerItemProxy section */
		D211BCA32C31C50B00E4246B /* PBXContainerItemProxy */ = {
			isa = PBXContainerItemProxy;
			containerPortal = D287A1D22C2FD610000B8750 /* Project object */;
			proxyType = 1;
			remoteGlobalIDString = D287A1D92C2FD610000B8750;
			remoteInfo = TestingLaboratory;
		};
		D287A1F12C2FD612000B8750 /* PBXContainerItemProxy */ = {
			isa = PBXContainerItemProxy;
			containerPortal = D287A1D22C2FD610000B8750 /* Project object */;
			proxyType = 1;
			remoteGlobalIDString = D287A1D92C2FD610000B8750;
			remoteInfo = TestingLaboratory;
		};
/* End PBXContainerItemProxy section */

/* Begin PBXFileReference section */
		D211BC9F2C31C50B00E4246B /* TestingLaboratoryRepositoryTests.xctest */ = {isa = PBXFileReference; explicitFileType = wrapper.cfbundle; includeInIndex = 0; path = TestingLaboratoryRepositoryTests.xctest; sourceTree = BUILT_PRODUCTS_DIR; };
		D211BCA12C31C50B00E4246B /* TestingLaboratoryRepositoryTests.swift */ = {isa = PBXFileReference; lastKnownFileType = sourcecode.swift; path = TestingLaboratoryRepositoryTests.swift; sourceTree = "<group>"; };
		D211BCAB2C31C94600E4246B /* MockAuthService.swift */ = {isa = PBXFileReference; lastKnownFileType = sourcecode.swift; path = MockAuthService.swift; sourceTree = "<group>"; };
		D22067172C3BA9F600984FF7 /* TestingLaboratory.xctestplan */ = {isa = PBXFileReference; lastKnownFileType = text; path = TestingLaboratory.xctestplan; sourceTree = "<group>"; };
		D287A1DA2C2FD610000B8750 /* TestingLaboratory.app */ = {isa = PBXFileReference; explicitFileType = wrapper.application; includeInIndex = 0; path = TestingLaboratory.app; sourceTree = BUILT_PRODUCTS_DIR; };
		D287A1DD2C2FD610000B8750 /* AppDelegate.swift */ = {isa = PBXFileReference; lastKnownFileType = sourcecode.swift; path = AppDelegate.swift; sourceTree = "<group>"; };
		D287A1DF2C2FD610000B8750 /* SceneDelegate.swift */ = {isa = PBXFileReference; lastKnownFileType = sourcecode.swift; path = SceneDelegate.swift; sourceTree = "<group>"; };
		D287A1E12C2FD610000B8750 /* ViewController.swift */ = {isa = PBXFileReference; lastKnownFileType = sourcecode.swift; path = ViewController.swift; sourceTree = "<group>"; };
		D287A1E42C2FD610000B8750 /* Base */ = {isa = PBXFileReference; lastKnownFileType = file.storyboard; name = Base; path = Base.lproj/Main.storyboard; sourceTree = "<group>"; };
		D287A1E62C2FD612000B8750 /* Assets.xcassets */ = {isa = PBXFileReference; lastKnownFileType = folder.assetcatalog; path = Assets.xcassets; sourceTree = "<group>"; };
		D287A1E92C2FD612000B8750 /* Base */ = {isa = PBXFileReference; lastKnownFileType = file.storyboard; name = Base; path = Base.lproj/LaunchScreen.storyboard; sourceTree = "<group>"; };
		D287A1EB2C2FD612000B8750 /* Info.plist */ = {isa = PBXFileReference; lastKnownFileType = text.plist.xml; path = Info.plist; sourceTree = "<group>"; };
		D287A1F02C2FD612000B8750 /* TestingLaboratoryTests.xctest */ = {isa = PBXFileReference; explicitFileType = wrapper.cfbundle; includeInIndex = 0; path = TestingLaboratoryTests.xctest; sourceTree = BUILT_PRODUCTS_DIR; };
		D287A1F42C2FD612000B8750 /* TestingLaboratoryUseCaseTests.swift */ = {isa = PBXFileReference; lastKnownFileType = sourcecode.swift; path = TestingLaboratoryUseCaseTests.swift; sourceTree = "<group>"; };
		D287A20E2C2FD73A000B8750 /* AuthUseCase.swift */ = {isa = PBXFileReference; lastKnownFileType = sourcecode.swift; path = AuthUseCase.swift; sourceTree = "<group>"; };
		D287A2132C2FD759000B8750 /* AuthRepository.swift */ = {isa = PBXFileReference; lastKnownFileType = sourcecode.swift; path = AuthRepository.swift; sourceTree = "<group>"; };
		D287A2152C2FD761000B8750 /* AuthService.swift */ = {isa = PBXFileReference; lastKnownFileType = sourcecode.swift; path = AuthService.swift; sourceTree = "<group>"; };
		D287A2192C2FDAEF000B8750 /* Utils.swift */ = {isa = PBXFileReference; lastKnownFileType = sourcecode.swift; path = Utils.swift; sourceTree = "<group>"; };
		D287A21C2C2FE337000B8750 /* AuthDTO.swift */ = {isa = PBXFileReference; lastKnownFileType = sourcecode.swift; path = AuthDTO.swift; sourceTree = "<group>"; };
		D287A2332C308604000B8750 /* APIEndPoints.swift */ = {isa = PBXFileReference; lastKnownFileType = sourcecode.swift; path = APIEndPoints.swift; sourceTree = "<group>"; };
		D287A2362C3087A3000B8750 /* Provider.swift */ = {isa = PBXFileReference; lastKnownFileType = sourcecode.swift; path = Provider.swift; sourceTree = "<group>"; };
		D287A23B2C3087FE000B8750 /* EndPoint.swift */ = {isa = PBXFileReference; lastKnownFileType = sourcecode.swift; path = EndPoint.swift; sourceTree = "<group>"; };
		D287A23D2C30880E000B8750 /* Requestable.swift */ = {isa = PBXFileReference; lastKnownFileType = sourcecode.swift; path = Requestable.swift; sourceTree = "<group>"; };
		D289DCA92C32A00200AF1156 /* MockAuthRepository.swift */ = {isa = PBXFileReference; lastKnownFileType = sourcecode.swift; path = MockAuthRepository.swift; sourceTree = "<group>"; };
/* End PBXFileReference section */

/* Begin PBXFrameworksBuildPhase section */
		D211BC9C2C31C50B00E4246B /* Frameworks */ = {
			isa = PBXFrameworksBuildPhase;
			buildActionMask = 2147483647;
			files = (
			);
			runOnlyForDeploymentPostprocessing = 0;
		};
		D287A1D72C2FD610000B8750 /* Frameworks */ = {
			isa = PBXFrameworksBuildPhase;
			buildActionMask = 2147483647;
			files = (
			);
			runOnlyForDeploymentPostprocessing = 0;
		};
		D287A1ED2C2FD612000B8750 /* Frameworks */ = {
			isa = PBXFrameworksBuildPhase;
			buildActionMask = 2147483647;
			files = (
			);
			runOnlyForDeploymentPostprocessing = 0;
		};
/* End PBXFrameworksBuildPhase section */

/* Begin PBXGroup section */
		D211BCA02C31C50B00E4246B /* TestingLaboratoryRepositoryTests */ = {
			isa = PBXGroup;
			children = (
				D211BCA12C31C50B00E4246B /* TestingLaboratoryRepositoryTests.swift */,
				D211BCAB2C31C94600E4246B /* MockAuthService.swift */,
			);
			path = TestingLaboratoryRepositoryTests;
			sourceTree = "<group>";
		};
		D287A1D12C2FD610000B8750 = {
			isa = PBXGroup;
			children = (
				D22067172C3BA9F600984FF7 /* TestingLaboratory.xctestplan */,
				D287A1DC2C2FD610000B8750 /* TestingLaboratory */,
				D287A1F32C2FD612000B8750 /* TestingLaboratoryUseCaseTests */,
				D211BCA02C31C50B00E4246B /* TestingLaboratoryRepositoryTests */,
				D287A1DB2C2FD610000B8750 /* Products */,
			);
			sourceTree = "<group>";
		};
		D287A1DB2C2FD610000B8750 /* Products */ = {
			isa = PBXGroup;
			children = (
				D287A1DA2C2FD610000B8750 /* TestingLaboratory.app */,
				D287A1F02C2FD612000B8750 /* TestingLaboratoryTests.xctest */,
				D211BC9F2C31C50B00E4246B /* TestingLaboratoryRepositoryTests.xctest */,
			);
			name = Products;
			sourceTree = "<group>";
		};
		D287A1DC2C2FD610000B8750 /* TestingLaboratory */ = {
			isa = PBXGroup;
			children = (
				D287A2122C2FD74E000B8750 /* Network */,
				D287A2172C2FDAD0000B8750 /* Core */,
				D287A2102C2FD73D000B8750 /* Data */,
				D287A20D2C2FD727000B8750 /* Domain */,
				D287A1DD2C2FD610000B8750 /* AppDelegate.swift */,
				D287A1DF2C2FD610000B8750 /* SceneDelegate.swift */,
				D287A1E12C2FD610000B8750 /* ViewController.swift */,
				D287A1E32C2FD610000B8750 /* Main.storyboard */,
				D287A1E62C2FD612000B8750 /* Assets.xcassets */,
				D287A1E82C2FD612000B8750 /* LaunchScreen.storyboard */,
				D287A1EB2C2FD612000B8750 /* Info.plist */,
			);
			path = TestingLaboratory;
			sourceTree = "<group>";
		};
		D287A1F32C2FD612000B8750 /* TestingLaboratoryUseCaseTests */ = {
			isa = PBXGroup;
			children = (
				D287A1F42C2FD612000B8750 /* TestingLaboratoryUseCaseTests.swift */,
				D289DCA92C32A00200AF1156 /* MockAuthRepository.swift */,
			);
			path = TestingLaboratoryUseCaseTests;
			sourceTree = "<group>";
		};
		D287A20D2C2FD727000B8750 /* Domain */ = {
			isa = PBXGroup;
			children = (
				D287A20E2C2FD73A000B8750 /* AuthUseCase.swift */,
			);
			path = Domain;
			sourceTree = "<group>";
		};
		D287A2102C2FD73D000B8750 /* Data */ = {
			isa = PBXGroup;
			children = (
				D287A21B2C2FE32C000B8750 /* DTO */,
				D287A2112C2FD748000B8750 /* Repository */,
			);
			path = Data;
			sourceTree = "<group>";
		};
		D287A2112C2FD748000B8750 /* Repository */ = {
			isa = PBXGroup;
			children = (
				D287A2132C2FD759000B8750 /* AuthRepository.swift */,
			);
			path = Repository;
			sourceTree = "<group>";
		};
		D287A2122C2FD74E000B8750 /* Network */ = {
			isa = PBXGroup;
			children = (
				D287A23A2C3087F4000B8750 /* EndPoint */,
				D287A2352C308794000B8750 /* Provider */,
				D287A2152C2FD761000B8750 /* AuthService.swift */,
				D287A2332C308604000B8750 /* APIEndPoints.swift */,
			);
			path = Network;
			sourceTree = "<group>";
		};
		D287A2172C2FDAD0000B8750 /* Core */ = {
			isa = PBXGroup;
			children = (
				D287A2192C2FDAEF000B8750 /* Utils.swift */,
			);
			path = Core;
			sourceTree = "<group>";
		};
		D287A21B2C2FE32C000B8750 /* DTO */ = {
			isa = PBXGroup;
			children = (
				D287A21C2C2FE337000B8750 /* AuthDTO.swift */,
			);
			path = DTO;
			sourceTree = "<group>";
		};
		D287A2352C308794000B8750 /* Provider */ = {
			isa = PBXGroup;
			children = (
				D287A2362C3087A3000B8750 /* Provider.swift */,
			);
			path = Provider;
			sourceTree = "<group>";
		};
		D287A23A2C3087F4000B8750 /* EndPoint */ = {
			isa = PBXGroup;
			children = (
				D287A23B2C3087FE000B8750 /* EndPoint.swift */,
				D287A23D2C30880E000B8750 /* Requestable.swift */,
			);
			path = EndPoint;
			sourceTree = "<group>";
		};
/* End PBXGroup section */

/* Begin PBXNativeTarget section */
		D211BC9E2C31C50B00E4246B /* TestingLaboratoryRepositoryTests */ = {
			isa = PBXNativeTarget;
			buildConfigurationList = D211BCA52C31C50B00E4246B /* Build configuration list for PBXNativeTarget "TestingLaboratoryRepositoryTests" */;
			buildPhases = (
				D211BC9B2C31C50B00E4246B /* Sources */,
				D211BC9C2C31C50B00E4246B /* Frameworks */,
				D211BC9D2C31C50B00E4246B /* Resources */,
			);
			buildRules = (
			);
			dependencies = (
				D211BCA42C31C50B00E4246B /* PBXTargetDependency */,
			);
			name = TestingLaboratoryRepositoryTests;
			productName = TestingLaboratoryRepositoryTests;
			productReference = D211BC9F2C31C50B00E4246B /* TestingLaboratoryRepositoryTests.xctest */;
			productType = "com.apple.product-type.bundle.unit-test";
		};
		D287A1D92C2FD610000B8750 /* TestingLaboratory */ = {
			isa = PBXNativeTarget;
			buildConfigurationList = D287A2042C2FD612000B8750 /* Build configuration list for PBXNativeTarget "TestingLaboratory" */;
			buildPhases = (
				D287A1D62C2FD610000B8750 /* Sources */,
				D287A1D72C2FD610000B8750 /* Frameworks */,
				D287A1D82C2FD610000B8750 /* Resources */,
			);
			buildRules = (
			);
			dependencies = (
			);
			name = TestingLaboratory;
			productName = TestingLaboratory;
			productReference = D287A1DA2C2FD610000B8750 /* TestingLaboratory.app */;
			productType = "com.apple.product-type.application";
		};
		D287A1EF2C2FD612000B8750 /* TestingLaboratoryTests */ = {
			isa = PBXNativeTarget;
			buildConfigurationList = D287A2072C2FD612000B8750 /* Build configuration list for PBXNativeTarget "TestingLaboratoryTests" */;
			buildPhases = (
				D287A1EC2C2FD612000B8750 /* Sources */,
				D287A1ED2C2FD612000B8750 /* Frameworks */,
				D287A1EE2C2FD612000B8750 /* Resources */,
			);
			buildRules = (
			);
			dependencies = (
				D287A1F22C2FD612000B8750 /* PBXTargetDependency */,
			);
			name = TestingLaboratoryTests;
			productName = TestingLaboratoryTests;
			productReference = D287A1F02C2FD612000B8750 /* TestingLaboratoryTests.xctest */;
			productType = "com.apple.product-type.bundle.unit-test";
		};
/* End PBXNativeTarget section */

/* Begin PBXProject section */
		D287A1D22C2FD610000B8750 /* Project object */ = {
			isa = PBXProject;
			attributes = {
				BuildIndependentTargetsInParallel = 1;
				LastSwiftUpdateCheck = 1540;
				LastUpgradeCheck = 1540;
				TargetAttributes = {
					D211BC9E2C31C50B00E4246B = {
						CreatedOnToolsVersion = 15.4;
						TestTargetID = D287A1D92C2FD610000B8750;
					};
					D287A1D92C2FD610000B8750 = {
						CreatedOnToolsVersion = 15.4;
					};
					D287A1EF2C2FD612000B8750 = {
						CreatedOnToolsVersion = 15.4;
						TestTargetID = D287A1D92C2FD610000B8750;
					};
				};
			};
			buildConfigurationList = D287A1D52C2FD610000B8750 /* Build configuration list for PBXProject "TestingLaboratory" */;
			compatibilityVersion = "Xcode 14.0";
			developmentRegion = en;
			hasScannedForEncodings = 0;
			knownRegions = (
				en,
				Base,
			);
			mainGroup = D287A1D12C2FD610000B8750;
			productRefGroup = D287A1DB2C2FD610000B8750 /* Products */;
			projectDirPath = "";
			projectRoot = "";
			targets = (
				D287A1D92C2FD610000B8750 /* TestingLaboratory */,
				D287A1EF2C2FD612000B8750 /* TestingLaboratoryTests */,
				D211BC9E2C31C50B00E4246B /* TestingLaboratoryRepositoryTests */,
			);
		};
/* End PBXProject section */

/* Begin PBXResourcesBuildPhase section */
		D211BC9D2C31C50B00E4246B /* Resources */ = {
			isa = PBXResourcesBuildPhase;
			buildActionMask = 2147483647;
			files = (
			);
			runOnlyForDeploymentPostprocessing = 0;
		};
		D287A1D82C2FD610000B8750 /* Resources */ = {
			isa = PBXResourcesBuildPhase;
			buildActionMask = 2147483647;
			files = (
				D287A1E72C2FD612000B8750 /* Assets.xcassets in Resources */,
				D287A1EA2C2FD612000B8750 /* Base in Resources */,
				D287A1E52C2FD610000B8750 /* Base in Resources */,
			);
			runOnlyForDeploymentPostprocessing = 0;
		};
		D287A1EE2C2FD612000B8750 /* Resources */ = {
			isa = PBXResourcesBuildPhase;
			buildActionMask = 2147483647;
			files = (
			);
			runOnlyForDeploymentPostprocessing = 0;
		};
/* End PBXResourcesBuildPhase section */

/* Begin PBXSourcesBuildPhase section */
		D211BC9B2C31C50B00E4246B /* Sources */ = {
			isa = PBXSourcesBuildPhase;
			buildActionMask = 2147483647;
			files = (
				D211BCAE2C31C99700E4246B /* AuthService.swift in Sources */,
				D211BCB42C31CA6500E4246B /* AuthUseCase.swift in Sources */,
				D211BCBC2C31D55300E4246B /* EndPoint.swift in Sources */,
				D211BCB62C31D51500E4246B /* Provider.swift in Sources */,
				D211BCBA2C31D53B00E4246B /* Requestable.swift in Sources */,
				D211BCB82C31D53100E4246B /* APIEndPoints.swift in Sources */,
				D211BCB02C31C9AC00E4246B /* AuthRepository.swift in Sources */,
				D211BCBE2C31D57E00E4246B /* Utils.swift in Sources */,
				D211BCB22C31CA2300E4246B /* AuthDTO.swift in Sources */,
				D211BCA22C31C50B00E4246B /* TestingLaboratoryRepositoryTests.swift in Sources */,
				D211BCAC2C31C94600E4246B /* MockAuthService.swift in Sources */,
			);
			runOnlyForDeploymentPostprocessing = 0;
		};
		D287A1D62C2FD610000B8750 /* Sources */ = {
			isa = PBXSourcesBuildPhase;
			buildActionMask = 2147483647;
			files = (
				D287A1E22C2FD610000B8750 /* ViewController.swift in Sources */,
				D287A21D2C2FE337000B8750 /* AuthDTO.swift in Sources */,
				D287A1DE2C2FD610000B8750 /* AppDelegate.swift in Sources */,
				D287A2372C3087A3000B8750 /* Provider.swift in Sources */,
				D287A23C2C3087FE000B8750 /* EndPoint.swift in Sources */,
				D287A2342C308604000B8750 /* APIEndPoints.swift in Sources */,
				D287A1E02C2FD610000B8750 /* SceneDelegate.swift in Sources */,
				D287A21A2C2FDAEF000B8750 /* Utils.swift in Sources */,
				D287A2162C2FD761000B8750 /* AuthService.swift in Sources */,
				D287A23E2C30880E000B8750 /* Requestable.swift in Sources */,
				D287A2142C2FD759000B8750 /* AuthRepository.swift in Sources */,
				D287A20F2C2FD73A000B8750 /* AuthUseCase.swift in Sources */,
			);
			runOnlyForDeploymentPostprocessing = 0;
		};
		D287A1EC2C2FD612000B8750 /* Sources */ = {
			isa = PBXSourcesBuildPhase;
			buildActionMask = 2147483647;
			files = (
				D211BCAF2C31C9AC00E4246B /* AuthRepository.swift in Sources */,
				D211BCB92C31D53A00E4246B /* Requestable.swift in Sources */,
				D211BCB12C31CA2200E4246B /* AuthDTO.swift in Sources */,
				D211BCBB2C31D55200E4246B /* EndPoint.swift in Sources */,
				D287A1F52C2FD612000B8750 /* TestingLaboratoryUseCaseTests.swift in Sources */,
				D289DCAA2C32A00200AF1156 /* MockAuthRepository.swift in Sources */,
				D211BCBD2C31D57E00E4246B /* Utils.swift in Sources */,
				D211BCB72C31D53100E4246B /* APIEndPoints.swift in Sources */,
				D211BCB32C31CA6400E4246B /* AuthUseCase.swift in Sources */,
				D211BCB52C31D51500E4246B /* Provider.swift in Sources */,
				D211BCAD2C31C99600E4246B /* AuthService.swift in Sources */,
			);
			runOnlyForDeploymentPostprocessing = 0;
		};
/* End PBXSourcesBuildPhase section */

/* Begin PBXTargetDependency section */
		D211BCA42C31C50B00E4246B /* PBXTargetDependency */ = {
			isa = PBXTargetDependency;
			target = D287A1D92C2FD610000B8750 /* TestingLaboratory */;
			targetProxy = D211BCA32C31C50B00E4246B /* PBXContainerItemProxy */;
		};
		D287A1F22C2FD612000B8750 /* PBXTargetDependency */ = {
			isa = PBXTargetDependency;
			target = D287A1D92C2FD610000B8750 /* TestingLaboratory */;
			targetProxy = D287A1F12C2FD612000B8750 /* PBXContainerItemProxy */;
		};
/* End PBXTargetDependency section */

/* Begin PBXVariantGroup section */
		D287A1E32C2FD610000B8750 /* Main.storyboard */ = {
			isa = PBXVariantGroup;
			children = (
				D287A1E42C2FD610000B8750 /* Base */,
			);
			name = Main.storyboard;
			sourceTree = "<group>";
		};
		D287A1E82C2FD612000B8750 /* LaunchScreen.storyboard */ = {
			isa = PBXVariantGroup;
			children = (
				D287A1E92C2FD612000B8750 /* Base */,
			);
			name = LaunchScreen.storyboard;
			sourceTree = "<group>";
		};
/* End PBXVariantGroup section */

/* Begin XCBuildConfiguration section */
		D211BCA62C31C50B00E4246B /* Debug */ = {
			isa = XCBuildConfiguration;
			buildSettings = {
				BUNDLE_LOADER = "$(TEST_HOST)";
				CODE_SIGN_STYLE = Automatic;
				CURRENT_PROJECT_VERSION = 1;
				GENERATE_INFOPLIST_FILE = YES;
				IPHONEOS_DEPLOYMENT_TARGET = 17.5;
				MACOSX_DEPLOYMENT_TARGET = 14.1;
				MARKETING_VERSION = 1.0;
				PRODUCT_BUNDLE_IDENTIFIER = com.hellohidi.TestingLaboratoryRepositoryTests;
				PRODUCT_NAME = "$(TARGET_NAME)";
				SDKROOT = auto;
				SUPPORTED_PLATFORMS = "iphoneos iphonesimulator macosx";
				SWIFT_EMIT_LOC_STRINGS = NO;
				SWIFT_VERSION = 5.0;
				TARGETED_DEVICE_FAMILY = "1,2";
				TEST_HOST = "$(BUILT_PRODUCTS_DIR)/TestingLaboratory.app/$(BUNDLE_EXECUTABLE_FOLDER_PATH)/TestingLaboratory";
			};
			name = Debug;
		};
		D211BCA72C31C50B00E4246B /* Release */ = {
			isa = XCBuildConfiguration;
			buildSettings = {
				BUNDLE_LOADER = "$(TEST_HOST)";
				CODE_SIGN_STYLE = Automatic;
				CURRENT_PROJECT_VERSION = 1;
				GENERATE_INFOPLIST_FILE = YES;
				IPHONEOS_DEPLOYMENT_TARGET = 17.5;
				MACOSX_DEPLOYMENT_TARGET = 14.1;
				MARKETING_VERSION = 1.0;
				PRODUCT_BUNDLE_IDENTIFIER = com.hellohidi.TestingLaboratoryRepositoryTests;
				PRODUCT_NAME = "$(TARGET_NAME)";
				SDKROOT = auto;
				SUPPORTED_PLATFORMS = "iphoneos iphonesimulator macosx";
				SWIFT_EMIT_LOC_STRINGS = NO;
				SWIFT_VERSION = 5.0;
				TARGETED_DEVICE_FAMILY = "1,2";
				TEST_HOST = "$(BUILT_PRODUCTS_DIR)/TestingLaboratory.app/$(BUNDLE_EXECUTABLE_FOLDER_PATH)/TestingLaboratory";
			};
			name = Release;
		};
		D287A2022C2FD612000B8750 /* Debug */ = {
			isa = XCBuildConfiguration;
			buildSettings = {
				ALWAYS_SEARCH_USER_PATHS = NO;
				ASSETCATALOG_COMPILER_GENERATE_SWIFT_ASSET_SYMBOL_EXTENSIONS = YES;
				CLANG_ANALYZER_NONNULL = YES;
				CLANG_ANALYZER_NUMBER_OBJECT_CONVERSION = YES_AGGRESSIVE;
				CLANG_CXX_LANGUAGE_STANDARD = "gnu++20";
				CLANG_ENABLE_MODULES = YES;
				CLANG_ENABLE_OBJC_ARC = YES;
				CLANG_ENABLE_OBJC_WEAK = YES;
				CLANG_WARN_BLOCK_CAPTURE_AUTORELEASING = YES;
				CLANG_WARN_BOOL_CONVERSION = YES;
				CLANG_WARN_COMMA = YES;
				CLANG_WARN_CONSTANT_CONVERSION = YES;
				CLANG_WARN_DEPRECATED_OBJC_IMPLEMENTATIONS = YES;
				CLANG_WARN_DIRECT_OBJC_ISA_USAGE = YES_ERROR;
				CLANG_WARN_DOCUMENTATION_COMMENTS = YES;
				CLANG_WARN_EMPTY_BODY = YES;
				CLANG_WARN_ENUM_CONVERSION = YES;
				CLANG_WARN_INFINITE_RECURSION = YES;
				CLANG_WARN_INT_CONVERSION = YES;
				CLANG_WARN_NON_LITERAL_NULL_CONVERSION = YES;
				CLANG_WARN_OBJC_IMPLICIT_RETAIN_SELF = YES;
				CLANG_WARN_OBJC_LITERAL_CONVERSION = YES;
				CLANG_WARN_OBJC_ROOT_CLASS = YES_ERROR;
				CLANG_WARN_QUOTED_INCLUDE_IN_FRAMEWORK_HEADER = YES;
				CLANG_WARN_RANGE_LOOP_ANALYSIS = YES;
				CLANG_WARN_STRICT_PROTOTYPES = YES;
				CLANG_WARN_SUSPICIOUS_MOVE = YES;
				CLANG_WARN_UNGUARDED_AVAILABILITY = YES_AGGRESSIVE;
				CLANG_WARN_UNREACHABLE_CODE = YES;
				CLANG_WARN__DUPLICATE_METHOD_MATCH = YES;
				COPY_PHASE_STRIP = NO;
				DEBUG_INFORMATION_FORMAT = dwarf;
				ENABLE_STRICT_OBJC_MSGSEND = YES;
				ENABLE_TESTABILITY = YES;
				ENABLE_USER_SCRIPT_SANDBOXING = YES;
				GCC_C_LANGUAGE_STANDARD = gnu17;
				GCC_DYNAMIC_NO_PIC = NO;
				GCC_NO_COMMON_BLOCKS = YES;
				GCC_OPTIMIZATION_LEVEL = 0;
				GCC_PREPROCESSOR_DEFINITIONS = (
					"DEBUG=1",
					"$(inherited)",
				);
				GCC_WARN_64_TO_32_BIT_CONVERSION = YES;
				GCC_WARN_ABOUT_RETURN_TYPE = YES_ERROR;
				GCC_WARN_UNDECLARED_SELECTOR = YES;
				GCC_WARN_UNINITIALIZED_AUTOS = YES_AGGRESSIVE;
				GCC_WARN_UNUSED_FUNCTION = YES;
				GCC_WARN_UNUSED_VARIABLE = YES;
				IPHONEOS_DEPLOYMENT_TARGET = 17.5;
				LOCALIZATION_PREFERS_STRING_CATALOGS = YES;
				MTL_ENABLE_DEBUG_INFO = INCLUDE_SOURCE;
				MTL_FAST_MATH = YES;
				ONLY_ACTIVE_ARCH = YES;
				SDKROOT = iphoneos;
				SWIFT_ACTIVE_COMPILATION_CONDITIONS = "DEBUG $(inherited)";
				SWIFT_OPTIMIZATION_LEVEL = "-Onone";
			};
			name = Debug;
		};
		D287A2032C2FD612000B8750 /* Release */ = {
			isa = XCBuildConfiguration;
			buildSettings = {
				ALWAYS_SEARCH_USER_PATHS = NO;
				ASSETCATALOG_COMPILER_GENERATE_SWIFT_ASSET_SYMBOL_EXTENSIONS = YES;
				CLANG_ANALYZER_NONNULL = YES;
				CLANG_ANALYZER_NUMBER_OBJECT_CONVERSION = YES_AGGRESSIVE;
				CLANG_CXX_LANGUAGE_STANDARD = "gnu++20";
				CLANG_ENABLE_MODULES = YES;
				CLANG_ENABLE_OBJC_ARC = YES;
				CLANG_ENABLE_OBJC_WEAK = YES;
				CLANG_WARN_BLOCK_CAPTURE_AUTORELEASING = YES;
				CLANG_WARN_BOOL_CONVERSION = YES;
				CLANG_WARN_COMMA = YES;
				CLANG_WARN_CONSTANT_CONVERSION = YES;
				CLANG_WARN_DEPRECATED_OBJC_IMPLEMENTATIONS = YES;
				CLANG_WARN_DIRECT_OBJC_ISA_USAGE = YES_ERROR;
				CLANG_WARN_DOCUMENTATION_COMMENTS = YES;
				CLANG_WARN_EMPTY_BODY = YES;
				CLANG_WARN_ENUM_CONVERSION = YES;
				CLANG_WARN_INFINITE_RECURSION = YES;
				CLANG_WARN_INT_CONVERSION = YES;
				CLANG_WARN_NON_LITERAL_NULL_CONVERSION = YES;
				CLANG_WARN_OBJC_IMPLICIT_RETAIN_SELF = YES;
				CLANG_WARN_OBJC_LITERAL_CONVERSION = YES;
				CLANG_WARN_OBJC_ROOT_CLASS = YES_ERROR;
				CLANG_WARN_QUOTED_INCLUDE_IN_FRAMEWORK_HEADER = YES;
				CLANG_WARN_RANGE_LOOP_ANALYSIS = YES;
				CLANG_WARN_STRICT_PROTOTYPES = YES;
				CLANG_WARN_SUSPICIOUS_MOVE = YES;
				CLANG_WARN_UNGUARDED_AVAILABILITY = YES_AGGRESSIVE;
				CLANG_WARN_UNREACHABLE_CODE = YES;
				CLANG_WARN__DUPLICATE_METHOD_MATCH = YES;
				COPY_PHASE_STRIP = NO;
				DEBUG_INFORMATION_FORMAT = "dwarf-with-dsym";
				ENABLE_NS_ASSERTIONS = NO;
				ENABLE_STRICT_OBJC_MSGSEND = YES;
				ENABLE_USER_SCRIPT_SANDBOXING = YES;
				GCC_C_LANGUAGE_STANDARD = gnu17;
				GCC_NO_COMMON_BLOCKS = YES;
				GCC_WARN_64_TO_32_BIT_CONVERSION = YES;
				GCC_WARN_ABOUT_RETURN_TYPE = YES_ERROR;
				GCC_WARN_UNDECLARED_SELECTOR = YES;
				GCC_WARN_UNINITIALIZED_AUTOS = YES_AGGRESSIVE;
				GCC_WARN_UNUSED_FUNCTION = YES;
				GCC_WARN_UNUSED_VARIABLE = YES;
				IPHONEOS_DEPLOYMENT_TARGET = 17.5;
				LOCALIZATION_PREFERS_STRING_CATALOGS = YES;
				MTL_ENABLE_DEBUG_INFO = NO;
				MTL_FAST_MATH = YES;
				SDKROOT = iphoneos;
				SWIFT_COMPILATION_MODE = wholemodule;
				VALIDATE_PRODUCT = YES;
			};
			name = Release;
		};
		D287A2052C2FD612000B8750 /* Debug */ = {
			isa = XCBuildConfiguration;
			buildSettings = {
				ASSETCATALOG_COMPILER_APPICON_NAME = AppIcon;
				ASSETCATALOG_COMPILER_GLOBAL_ACCENT_COLOR_NAME = AccentColor;
				CODE_SIGN_IDENTITY = "Apple Development";
				CODE_SIGN_STYLE = Automatic;
				CURRENT_PROJECT_VERSION = 1;
				DEVELOPMENT_TEAM = 27VUFHH5W2;
				GENERATE_INFOPLIST_FILE = YES;
				INFOPLIST_FILE = TestingLaboratory/Info.plist;
				INFOPLIST_KEY_UIApplicationSupportsIndirectInputEvents = YES;
				INFOPLIST_KEY_UILaunchStoryboardName = LaunchScreen;
				INFOPLIST_KEY_UIMainStoryboardFile = Main;
				INFOPLIST_KEY_UISupportedInterfaceOrientations_iPad = "UIInterfaceOrientationPortrait UIInterfaceOrientationPortraitUpsideDown UIInterfaceOrientationLandscapeLeft UIInterfaceOrientationLandscapeRight";
				INFOPLIST_KEY_UISupportedInterfaceOrientations_iPhone = "UIInterfaceOrientationPortrait UIInterfaceOrientationLandscapeLeft UIInterfaceOrientationLandscapeRight";
				LD_RUNPATH_SEARCH_PATHS = (
					"$(inherited)",
					"@executable_path/Frameworks",
				);
				MARKETING_VERSION = 1.0;
				PRODUCT_BUNDLE_IDENTIFIER = com.hellohidi.TestingLaboratory;
				PRODUCT_NAME = "$(TARGET_NAME)";
				PROVISIONING_PROFILE_SPECIFIER = "";
				SWIFT_EMIT_LOC_STRINGS = YES;
				SWIFT_VERSION = 5.0;
				TARGETED_DEVICE_FAMILY = "1,2";
			};
			name = Debug;
		};
		D287A2062C2FD612000B8750 /* Release */ = {
			isa = XCBuildConfiguration;
			buildSettings = {
				ASSETCATALOG_COMPILER_APPICON_NAME = AppIcon;
				ASSETCATALOG_COMPILER_GLOBAL_ACCENT_COLOR_NAME = AccentColor;
				CODE_SIGN_IDENTITY = "Apple Development";
				CODE_SIGN_STYLE = Automatic;
				CURRENT_PROJECT_VERSION = 1;
				DEVELOPMENT_TEAM = 27VUFHH5W2;
				GENERATE_INFOPLIST_FILE = YES;
				INFOPLIST_FILE = TestingLaboratory/Info.plist;
				INFOPLIST_KEY_UIApplicationSupportsIndirectInputEvents = YES;
				INFOPLIST_KEY_UILaunchStoryboardName = LaunchScreen;
				INFOPLIST_KEY_UIMainStoryboardFile = Main;
				INFOPLIST_KEY_UISupportedInterfaceOrientations_iPad = "UIInterfaceOrientationPortrait UIInterfaceOrientationPortraitUpsideDown UIInterfaceOrientationLandscapeLeft UIInterfaceOrientationLandscapeRight";
				INFOPLIST_KEY_UISupportedInterfaceOrientations_iPhone = "UIInterfaceOrientationPortrait UIInterfaceOrientationLandscapeLeft UIInterfaceOrientationLandscapeRight";
				LD_RUNPATH_SEARCH_PATHS = (
					"$(inherited)",
					"@executable_path/Frameworks",
				);
				MARKETING_VERSION = 1.0;
				PRODUCT_BUNDLE_IDENTIFIER = com.hellohidi.TestingLaboratory;
				PRODUCT_NAME = "$(TARGET_NAME)";
				PROVISIONING_PROFILE_SPECIFIER = "";
				SWIFT_EMIT_LOC_STRINGS = YES;
				SWIFT_VERSION = 5.0;
				TARGETED_DEVICE_FAMILY = "1,2";
			};
			name = Release;
		};
		D287A2082C2FD612000B8750 /* Debug */ = {
			isa = XCBuildConfiguration;
			buildSettings = {
				ALWAYS_EMBED_SWIFT_STANDARD_LIBRARIES = YES;
				BUNDLE_LOADER = "$(TEST_HOST)";
				CODE_SIGN_STYLE = Automatic;
				CURRENT_PROJECT_VERSION = 1;
				GENERATE_INFOPLIST_FILE = YES;
				IPHONEOS_DEPLOYMENT_TARGET = 17.5;
				MARKETING_VERSION = 1.0;
				PRODUCT_BUNDLE_IDENTIFIER = com.hellohidi.TestingLaboratoryTests;
				PRODUCT_NAME = "$(TARGET_NAME)";
				SWIFT_EMIT_LOC_STRINGS = NO;
				SWIFT_VERSION = 5.0;
				TARGETED_DEVICE_FAMILY = "1,2";
				TEST_HOST = "$(BUILT_PRODUCTS_DIR)/TestingLaboratory.app/$(BUNDLE_EXECUTABLE_FOLDER_PATH)/TestingLaboratory";
			};
			name = Debug;
		};
		D287A2092C2FD612000B8750 /* Release */ = {
			isa = XCBuildConfiguration;
			buildSettings = {
				ALWAYS_EMBED_SWIFT_STANDARD_LIBRARIES = YES;
				BUNDLE_LOADER = "$(TEST_HOST)";
				CODE_SIGN_STYLE = Automatic;
				CURRENT_PROJECT_VERSION = 1;
				GENERATE_INFOPLIST_FILE = YES;
				IPHONEOS_DEPLOYMENT_TARGET = 17.5;
				MARKETING_VERSION = 1.0;
				PRODUCT_BUNDLE_IDENTIFIER = com.hellohidi.TestingLaboratoryTests;
				PRODUCT_NAME = "$(TARGET_NAME)";
				SWIFT_EMIT_LOC_STRINGS = NO;
				SWIFT_VERSION = 5.0;
				TARGETED_DEVICE_FAMILY = "1,2";
				TEST_HOST = "$(BUILT_PRODUCTS_DIR)/TestingLaboratory.app/$(BUNDLE_EXECUTABLE_FOLDER_PATH)/TestingLaboratory";
			};
			name = Release;
		};
/* End XCBuildConfiguration section */

/* Begin XCConfigurationList section */
		D211BCA52C31C50B00E4246B /* Build configuration list for PBXNativeTarget "TestingLaboratoryRepositoryTests" */ = {
			isa = XCConfigurationList;
			buildConfigurations = (
				D211BCA62C31C50B00E4246B /* Debug */,
				D211BCA72C31C50B00E4246B /* Release */,
			);
			defaultConfigurationIsVisible = 0;
			defaultConfigurationName = Release;
		};
		D287A1D52C2FD610000B8750 /* Build configuration list for PBXProject "TestingLaboratory" */ = {
			isa = XCConfigurationList;
			buildConfigurations = (
				D287A2022C2FD612000B8750 /* Debug */,
				D287A2032C2FD612000B8750 /* Release */,
			);
			defaultConfigurationIsVisible = 0;
			defaultConfigurationName = Release;
		};
		D287A2042C2FD612000B8750 /* Build configuration list for PBXNativeTarget "TestingLaboratory" */ = {
			isa = XCConfigurationList;
			buildConfigurations = (
				D287A2052C2FD612000B8750 /* Debug */,
				D287A2062C2FD612000B8750 /* Release */,
			);
			defaultConfigurationIsVisible = 0;
			defaultConfigurationName = Release;
		};
		D287A2072C2FD612000B8750 /* Build configuration list for PBXNativeTarget "TestingLaboratoryTests" */ = {
			isa = XCConfigurationList;
			buildConfigurations = (
				D287A2082C2FD612000B8750 /* Debug */,
				D287A2092C2FD612000B8750 /* Release */,
			);
			defaultConfigurationIsVisible = 0;
			defaultConfigurationName = Release;
		};
/* End XCConfigurationList section */
	};
	rootObject = D287A1D22C2FD610000B8750 /* Project object */;
}
